
Microsoft Visual Studio Solution File, Format Version 12.00
# Visual Studio Version 17
VisualStudioVersion = 17.0.31903.59
MinimumVisualStudioVersion = 10.0.40219.1
Project("{FAE04EC0-301F-11D3-BF4B-00C04F79EFBC}") = "Frontend", "Frontend\Frontend.csproj", "{77088C5F-C90D-4665-8AEB-5285BA7DB66B}"
EndProject
Project("{FAE04EC0-301F-11D3-BF4B-00C04F79EFBC}") = "Backend", "Backend\Backend.csproj", "{9366A09B-E539-4875-8B8D-14FF94DA9D2D}"
EndProject
Project("{FAE04EC0-301F-11D3-BF4B-00C04F79EFBC}") = "BackendTests", "BackendTests\BackendTests.csproj", "{0469F75F-2DD5-4FF2-A56B-E0549B8EADA3}"
EndProject
Project("{FAE04EC0-301F-11D3-BF4B-00C04F79EFBC}") = "FrontendTests", "FrontendTests\FrontendTests.csproj", "{CE5F990E-93C9-4407-8C85-DA06C8F2FCE7}"
EndProject
Project("{FAE04EC0-301F-11D3-BF4B-00C04F79EFBC}") = "Shared", "Shared\Shared.csproj", "{3ACA3B08-BA0C-43F7-B254-43A05FB504DB}"
EndProject
Project("{FAE04EC0-301F-11D3-BF4B-00C04F79EFBC}") = "BackendTests.Integration", "BackendTests.Integration\BackendTests.Integration.csproj", "{7F171A54-FCCA-4113-BCF6-ED436B3EF111}"
EndProject
Global
	GlobalSection(SolutionConfigurationPlatforms) = preSolution
		Debug|Any CPU = Debug|Any CPU
		Release|Any CPU = Release|Any CPU
	EndGlobalSection
	GlobalSection(ProjectConfigurationPlatforms) = postSolution
		{77088C5F-C90D-4665-8AEB-5285BA7DB66B}.Debug|Any CPU.ActiveCfg = Debug|Any CPU
		{77088C5F-C90D-4665-8AEB-5285BA7DB66B}.Debug|Any CPU.Build.0 = Debug|Any CPU
		{77088C5F-C90D-4665-8AEB-5285BA7DB66B}.Release|Any CPU.ActiveCfg = Release|Any CPU
		{77088C5F-C90D-4665-8AEB-5285BA7DB66B}.Release|Any CPU.Build.0 = Release|Any CPU
		{9366A09B-E539-4875-8B8D-14FF94DA9D2D}.Debug|Any CPU.ActiveCfg = Debug|Any CPU
		{9366A09B-E539-4875-8B8D-14FF94DA9D2D}.Debug|Any CPU.Build.0 = Debug|Any CPU
		{9366A09B-E539-4875-8B8D-14FF94DA9D2D}.Release|Any CPU.ActiveCfg = Release|Any CPU
		{9366A09B-E539-4875-8B8D-14FF94DA9D2D}.Release|Any CPU.Build.0 = Release|Any CPU
		{0469F75F-2DD5-4FF2-A56B-E0549B8EADA3}.Debug|Any CPU.ActiveCfg = Debug|Any CPU
		{0469F75F-2DD5-4FF2-A56B-E0549B8EADA3}.Debug|Any CPU.Build.0 = Debug|Any CPU
		{0469F75F-2DD5-4FF2-A56B-E0549B8EADA3}.Release|Any CPU.ActiveCfg = Release|Any CPU
		{0469F75F-2DD5-4FF2-A56B-E0549B8EADA3}.Release|Any CPU.Build.0 = Release|Any CPU
		{CE5F990E-93C9-4407-8C85-DA06C8F2FCE7}.Debug|Any CPU.ActiveCfg = Debug|Any CPU
		{CE5F990E-93C9-4407-8C85-DA06C8F2FCE7}.Debug|Any CPU.Build.0 = Debug|Any CPU
		{CE5F990E-93C9-4407-8C85-DA06C8F2FCE7}.Release|Any CPU.ActiveCfg = Release|Any CPU
		{CE5F990E-93C9-4407-8C85-DA06C8F2FCE7}.Release|Any CPU.Build.0 = Release|Any CPU
		{3ACA3B08-BA0C-43F7-B254-43A05FB504DB}.Debug|Any CPU.ActiveCfg = Debug|Any CPU
		{3ACA3B08-BA0C-43F7-B254-43A05FB504DB}.Debug|Any CPU.Build.0 = Debug|Any CPU
		{3ACA3B08-BA0C-43F7-B254-43A05FB504DB}.Release|Any CPU.ActiveCfg = Release|Any CPU
		{3ACA3B08-BA0C-43F7-B254-43A05FB504DB}.Release|Any CPU.Build.0 = Release|Any CPU
		{7F171A54-FCCA-4113-BCF6-ED436B3EF111}.Debug|Any CPU.ActiveCfg = Debug|Any CPU
		{7F171A54-FCCA-4113-BCF6-ED436B3EF111}.Debug|Any CPU.Build.0 = Debug|Any CPU
		{7F171A54-FCCA-4113-BCF6-ED436B3EF111}.Release|Any CPU.ActiveCfg = Release|Any CPU
		{7F171A54-FCCA-4113-BCF6-ED436B3EF111}.Release|Any CPU.Build.0 = Release|Any CPU
	EndGlobalSection
	GlobalSection(SolutionProperties) = preSolution
		HideSolutionNode = FALSE
	EndGlobalSection
EndGlobal
